{
  "name": "@writetome51/array-paginator",
  "version": "1.0.0",
  "lockfileVersion": 1,
  "requires": true,
  "dependencies": {
    "@writetome51/object-factory": {
      "version": "1.0.1",
      "resolved": "https://registry.npmjs.org/@writetome51/object-factory/-/object-factory-1.0.1.tgz",
      "integrity": "sha512-19RECNT/N/VIDSUI0XrFmzLj30L7nsmEZogXO8y3HJHsn0J64jHdaDb1mfnRXFCtAaIbpcExwlt/4zOJeapH7Q==",
      "requires": {
        "basic-data-handling": "^1.0.7"
      }
    },
    "basic-data-handling": {
      "version": "1.0.7",
      "resolved": "https://registry.npmjs.org/basic-data-handling/-/basic-data-handling-1.0.7.tgz",
      "integrity": "sha512-WViSVG0YXHZ1t3aCxjArAGcnS3RlXaLfEVQA/36m+WBLQQUlq3tYgNYi4B3Bjd5AVWyKYI3eJDMZeXlxsbMqew=="
    },
    "self-identifiable-method-chainable-batch-getter-setter": {
      "version": "1.0.0",
      "resolved": "https://registry.npmjs.org/self-identifiable-method-chainable-batch-getter-setter/-/self-identifiable-method-chainable-batch-getter-setter-1.0.0.tgz",
      "integrity": "sha512-sJofIVAqlFOrJoZr7oMpUaB0pVyhhXDu95r0TSL6/oKY2HajEwv2O+583OiwTN0TM+qRF9NtSA/NhKnM6PBnuQ=="
    }
  }
}
