{
  "name": "@writetome51/array-paginator",
  "version": "1.0.3",
  "lockfileVersion": 1,
  "requires": true,
  "dependencies": {
    "@writetome51/array-and-index-validation": {
      "version": "1.0.2",
      "resolved": "https://registry.npmjs.org/@writetome51/array-and-index-validation/-/array-and-index-validation-1.0.2.tgz",
      "integrity": "sha512-KHeEgYH93DLtHlEPryaabfIDdTx4mhmy98xsxlA9wvEjmu5yjM4XzjhLRIQlqzOCjEpwKJZT5Zs/hDXWcHA68g==",
      "requires": {
        "basic-data-handling": "^1.0.13"
      }
    },
    "@writetome51/array-get-adjacent-at": {
      "version": "1.0.1",
      "resolved": "https://registry.npmjs.org/@writetome51/array-get-adjacent-at/-/array-get-adjacent-at-1.0.1.tgz",
      "integrity": "sha512-oecneNlT2Zp3tRA6kibQj6ZE7ubJz2n1rvMu7ko0sOL6BgeupW/5B4BCcUTTw7BPbxbbsLvLapc1WxPA1Pmuvg==",
      "requires": {
        "@writetome51/array-and-index-validation": "^1.0.2",
        "basic-data-handling": "^1.0.13"
      }
    },
    "@writetome51/array-get-head-tail": {
      "version": "1.0.2",
      "resolved": "https://registry.npmjs.org/@writetome51/array-get-head-tail/-/array-get-head-tail-1.0.2.tgz",
      "integrity": "sha512-G5WY6SAdH420e834s+1LKJpVkOVr9R4milV3OP8U3d4ic+ORbVPXEQGaEFGg8rBTggwqWBMDRqGf1FcGqANKng==",
      "requires": {
        "@writetome51/array-get-adjacent-at": "^1.0.1"
      }
    },
    "@writetome51/arrays-match": {
      "version": "1.0.2",
      "resolved": "https://registry.npmjs.org/@writetome51/arrays-match/-/arrays-match-1.0.2.tgz",
      "integrity": "sha512-A1+zLc2VbOcN9A29BFsyubt/w9OTbuA6ZOQJjPn381b/CEXWnglq2399Vt/310T/yRocQByycl8/JlrFbCN/Lg==",
      "dev": true,
      "requires": {
        "basic-data-handling": "^1.0.13",
        "error-if-values-are-not-arrays": "^1.0.0"
      }
    },
    "@writetome51/get-countup-countdown": {
      "version": "1.0.1",
      "resolved": "https://registry.npmjs.org/@writetome51/get-countup-countdown/-/get-countup-countdown-1.0.1.tgz",
      "integrity": "sha512-xlcicuvAi53ii0++nxQxyfd2zs0GzfKZipVllGkWsc5YAkhEDl4uUnLpQi+aoBofXJCB/WbD0dec+sgkY2JhuQ==",
      "dev": true
    },
    "@writetome51/get-left-of-decimal": {
      "version": "1.0.1",
      "resolved": "https://registry.npmjs.org/@writetome51/get-left-of-decimal/-/get-left-of-decimal-1.0.1.tgz",
      "integrity": "sha512-kGKDvqzuDDGyjU7owU5eQqFRSiBUqkcefVFqGcdjt0D+YkrjVtCvwqHGBcYh4+50Aghddf6VQjWER2m4qzUsQw=="
    },
    "@writetome51/get-rounded-up-down": {
      "version": "1.0.7",
      "resolved": "https://registry.npmjs.org/@writetome51/get-rounded-up-down/-/get-rounded-up-down-1.0.7.tgz",
      "integrity": "sha512-T1hcMwNRSgvQTOdrKz6dckeG4Msp5HMTkc+ovTzSSIWCYNMr+sTB85lJQWadA0Ey/KGVpAw1r5WgjGukK4mD9Q==",
      "requires": {
        "@writetome51/get-left-of-decimal": "^1.0.1",
        "basic-data-handling": "^1.0.13"
      }
    },
    "@writetome51/in-range": {
      "version": "1.0.0",
      "resolved": "https://registry.npmjs.org/@writetome51/in-range/-/in-range-1.0.0.tgz",
      "integrity": "sha512-L5qclxgiy63gp8IsgRXke09rIxO6bTxbYZMYBoe+rYlslkxuSt9FGRpW5Ps4yw9r85YGcNfBBZHU99Xfe8yYFg==",
      "requires": {
        "basic-data-handling": "^1.0.13"
      }
    },
    "@writetome51/not": {
      "version": "1.0.3",
      "resolved": "https://registry.npmjs.org/@writetome51/not/-/not-1.0.3.tgz",
      "integrity": "sha512-MJrh50byG0cBuqhrSRMYxGGmYr5BVb7T6OmFeqL8pFuNUFh/lUIXFXScsYM0jlVYmKDhnYJg+QZTOFvvCdzuRw=="
    },
    "@writetome51/public-array-container": {
      "version": "1.0.2",
      "resolved": "https://registry.npmjs.org/@writetome51/public-array-container/-/public-array-container-1.0.2.tgz",
      "integrity": "sha512-LM9myTwxnrYo7PvckbnEVbFcdrtxn4lBlJJ/9oSCY6nrwBCsjJ+/s9pUpccN1IG8jiUVY2k3zatrJ8enZnvcKQ==",
      "requires": {
        "basic-data-handling": "^1.0.13",
        "batch-getter-setter": "^1.0.0",
        "public-data-container-interface": "^1.0.3"
      },
      "dependencies": {
        "batch-getter-setter": {
          "version": "1.0.0",
          "resolved": "https://registry.npmjs.org/batch-getter-setter/-/batch-getter-setter-1.0.0.tgz",
          "integrity": "sha512-o4a6NURLje2lxgngkTknmT4DKv4pAekj+1YqU0UIPNmeAMW2SvyaNqeCVcA0x5pkTYcSu/0bvMGzSc4e3H8H1g==",
          "requires": {
            "method-chainable": "^1.0.0"
          }
        },
        "method-chainable": {
          "version": "1.0.0",
          "resolved": "https://registry.npmjs.org/method-chainable/-/method-chainable-1.0.0.tgz",
          "integrity": "sha512-h1CpqXp1BFqFAlkQL6lydba1Qh/iLj1TjLZzQgCwfzahGF1oTT9ry5YWIbdDyQ3hqMpS5OM8rIEb/Hiz2L9N7Q==",
          "requires": {
            "self-identifiable": "^1.0.1"
          }
        },
        "self-identifiable": {
          "version": "1.0.1",
          "resolved": "https://registry.npmjs.org/self-identifiable/-/self-identifiable-1.0.1.tgz",
          "integrity": "sha512-I3Rvcu0CKKBbRZJ/rS1PGY5vc/DFDW9/ioYNgPueR5bMds/qdpDMHNhlYT9fb7nDms6X6k3F5lJAL9j7M17pbQ=="
        }
      }
    },
    "basic-data-handling": {
      "version": "1.0.13",
      "resolved": "https://registry.npmjs.org/basic-data-handling/-/basic-data-handling-1.0.13.tgz",
      "integrity": "sha512-YRXUq0keESBb4XXzFAStPYJjviRx6CPPSzT/EfpMOLRfBrhnbBeKD2n+kfZyw2zvjreClf16xPF0tDjiLO+ogw=="
    },
    "error-if-values-are-not-arrays": {
      "version": "1.0.0",
      "resolved": "https://registry.npmjs.org/error-if-values-are-not-arrays/-/error-if-values-are-not-arrays-1.0.0.tgz",
      "integrity": "sha512-Q1KHFzQWIZXb62qb259NRjcfE1UKa7CZVKGU8zgUoejYW++wpz/vIa5GvscNzigbO2jMgDXRlHxPC59aU7pP0w==",
      "dev": true,
      "requires": {
        "basic-data-handling": "^1.0.13"
      }
    },
    "public-data-container-interface": {
      "version": "1.0.3",
      "resolved": "https://registry.npmjs.org/public-data-container-interface/-/public-data-container-interface-1.0.3.tgz",
      "integrity": "sha512-/Ol+b7P3E/utnNkr/dwXZaVyYKt0/MnWiUxTCZmmLIjhfeMInR6Ki8sHgW7ESdUbQ3SyHZK5u03K1ifnUcxIIw=="
    },
    "typescript": {
      "version": "3.1.3",
      "resolved": "https://registry.npmjs.org/typescript/-/typescript-3.1.3.tgz",
      "integrity": "sha512-+81MUSyX+BaSo+u2RbozuQk/UWx6hfG0a5gHu4ANEM4sU96XbuIyAB+rWBW1u70c6a5QuZfuYICn3s2UjuHUpA==",
      "dev": true
    }
  }
}
