{
  "name": "@writetome51/array-paginator",
  "version": "1.0.1",
  "lockfileVersion": 1,
  "requires": true,
  "dependencies": {
    "@writetome51/array-and-index-validation": {
      "version": "1.0.0",
      "resolved": "https://registry.npmjs.org/@writetome51/array-and-index-validation/-/array-and-index-validation-1.0.0.tgz",
      "integrity": "sha512-tlRCgXC/UNwtjiiot9QZot8uNG99jvluUSJe0tNxY5LGKEBU8DHZN/yh1OfkVnrrXWjWTmtISv5SM32LtXRWXg==",
      "requires": {
        "basic-data-handling": "^1.0.10"
      }
    },
    "@writetome51/array-non-modifying-getters-basic": {
      "version": "1.0.1",
      "resolved": "https://registry.npmjs.org/@writetome51/array-non-modifying-getters-basic/-/array-non-modifying-getters-basic-1.0.1.tgz",
      "integrity": "sha512-2cZlzunLQ/ZB9a8QuaVQNlltGBryXG8zAeKfV1WQw1MxnXTMn7DHEVN8OV127EO35ffK5gQLqMybBzWC/jAaug==",
      "requires": {
        "@writetome51/array-and-index-validation": "^1.0.0",
        "basic-data-handling": "^1.0.10"
      }
    },
    "@writetome51/arrays-match": {
      "version": "1.0.0",
      "resolved": "https://registry.npmjs.org/@writetome51/arrays-match/-/arrays-match-1.0.0.tgz",
      "integrity": "sha512-gKtR9FUQvXMiLWf6gKizV4VyjeNb8MmMkKW/3U3l03gQniXDMlS6XZpzkian+YBX8DycjQVEUkCAfx9E78BDbw==",
      "dev": true,
      "requires": {
        "basic-data-handling": "^1.0.10"
      }
    },
    "@writetome51/get-countup-countdown": {
      "version": "1.0.0",
      "resolved": "https://registry.npmjs.org/@writetome51/get-countup-countdown/-/get-countup-countdown-1.0.0.tgz",
      "integrity": "sha512-mlb1yG79+VoZFAY8TA6RSaAPLc1/UPJv0ahSmAItnsoonVEtwvNiKH/ItWpWLi7a/HM797Oz3ZkeDnhH1VDu4w==",
      "dev": true,
      "requires": {
        "basic-data-handling": "^1.0.10",
        "error-if-array-item-is-not-number": "^1.0.0"
      }
    },
    "@writetome51/get-rounded-up-down": {
      "version": "1.0.0",
      "resolved": "https://registry.npmjs.org/@writetome51/get-rounded-up-down/-/get-rounded-up-down-1.0.0.tgz",
      "integrity": "sha512-BgoQJGEA2epwsyfvHHIbyg9cm4K/1l8ohsxipNtckWeYrw4B6AtuVerPWNixar/e3oEcqBOXV1O3nVJbj2ICRA=="
    },
    "@writetome51/not": {
      "version": "1.0.0",
      "resolved": "https://registry.npmjs.org/@writetome51/not/-/not-1.0.0.tgz",
      "integrity": "sha512-bQ8VJBd0WCNyf6VvIWsCoMWo4KfM3zsLvOsgeTp4/dAG3eJAcd8aJT1Pnzif3/HWalc/QFHTfSjUObW8uGHMdA=="
    },
    "@writetome51/number-analysis-basic": {
      "version": "1.0.0",
      "resolved": "https://registry.npmjs.org/@writetome51/number-analysis-basic/-/number-analysis-basic-1.0.0.tgz",
      "integrity": "sha512-FwkejexgzlAUVDUGGnaXsqBE4JgEInqvWua4KTsKQwvOvUVmDAKsD/oDq+pkuqujxqZnHLWA0dww3A16CrPJLw==",
      "requires": {
        "basic-data-handling": "^1.0.10",
        "error-if-array-item-is-not-number": "^1.0.0"
      }
    },
    "@writetome51/open-array-container": {
      "version": "1.0.0",
      "resolved": "https://registry.npmjs.org/@writetome51/open-array-container/-/open-array-container-1.0.0.tgz",
      "integrity": "sha512-RfRsDNLfr4JViKQToGoS/9L6kFypwWzsP5mErNHQ/QtoDYQXZEk1tT/a13iEBPBtn8jxYwsF2lWdS6XD7f1FWA==",
      "requires": {
        "basic-data-handling": "^1.0.10",
        "batch-getter-setter": "^1.0.0",
        "open-data-container-interface": "^1.0.0"
      }
    },
    "basic-data-handling": {
      "version": "1.0.10",
      "resolved": "https://registry.npmjs.org/basic-data-handling/-/basic-data-handling-1.0.10.tgz",
      "integrity": "sha512-NKsdi16famaztrlVVmo7ee364OHtziB9rOjURERR/bicutlgKwSgoTQjusOnrJYha/mW7HbjcKwU3TZ7td0mdg=="
    },
    "batch-getter-setter": {
      "version": "1.0.0",
      "resolved": "https://registry.npmjs.org/batch-getter-setter/-/batch-getter-setter-1.0.0.tgz",
      "integrity": "sha512-o4a6NURLje2lxgngkTknmT4DKv4pAekj+1YqU0UIPNmeAMW2SvyaNqeCVcA0x5pkTYcSu/0bvMGzSc4e3H8H1g==",
      "requires": {
        "method-chainable": "^1.0.0"
      }
    },
    "error-if-array-item-is-not-number": {
      "version": "1.0.0",
      "resolved": "https://registry.npmjs.org/error-if-array-item-is-not-number/-/error-if-array-item-is-not-number-1.0.0.tgz",
      "integrity": "sha512-q9ISLYFh413IwnJUhbHZpGkFbqKiEQhqX8jY8ZFUIQw+RnoMNuZPVTA/VhmIQBQsWMMyDX+/cgLz+/M8+U6s2w=="
    },
    "method-chainable": {
      "version": "1.0.0",
      "resolved": "https://registry.npmjs.org/method-chainable/-/method-chainable-1.0.0.tgz",
      "integrity": "sha512-h1CpqXp1BFqFAlkQL6lydba1Qh/iLj1TjLZzQgCwfzahGF1oTT9ry5YWIbdDyQ3hqMpS5OM8rIEb/Hiz2L9N7Q==",
      "requires": {
        "self-identifiable": "^1.0.1"
      }
    },
    "open-data-container-interface": {
      "version": "1.0.0",
      "resolved": "https://registry.npmjs.org/open-data-container-interface/-/open-data-container-interface-1.0.0.tgz",
      "integrity": "sha512-IYE3nUic2oHS4wUsNtZAEBrJCIGe7CchoPDvpoYcHuZjib7pFaYbLMjVoixusQhtutwmlCreu/FDqGWk9OjW+w=="
    },
    "self-identifiable": {
      "version": "1.0.1",
      "resolved": "https://registry.npmjs.org/self-identifiable/-/self-identifiable-1.0.1.tgz",
      "integrity": "sha512-I3Rvcu0CKKBbRZJ/rS1PGY5vc/DFDW9/ioYNgPueR5bMds/qdpDMHNhlYT9fb7nDms6X6k3F5lJAL9j7M17pbQ=="
    }
  }
}
